
Microsoft Visual Studio Solution File, Format Version 12.00
# Visual Studio Version 16
VisualStudioVersion = 16.0.29409.12
MinimumVisualStudioVersion = 10.0.40219.1
Project("{FAE04EC0-301F-11D3-BF4B-00C04F79EFBC}") = "dbConnectionTest", "dbConnectionTest\dbConnectionTest.csproj", "{CCB995C7-B7CF-409D-84C9-EFEE91879D91}"
EndProject
Project("{FAE04EC0-301F-11D3-BF4B-00C04F79EFBC}") = "PhoneBook", "PhoneBook\PhoneBook.csproj", "{A748948E-ABBB-40F4-9180-D79DF6C56089}"
EndProject
Project("{2150E333-8FDC-42A3-9474-1A3956D46DE8}") = "Screenshots", "Screenshots", "{ABD394D8-65BD-4888-BD45-8DDEA1E576D4}"
	ProjectSection(SolutionItems) = preProject
		..\..\Users\marie\Pictures\phoneBook screenshots\add contact.PNG = ..\..\Users\marie\Pictures\phoneBook screenshots\add contact.PNG
		..\..\Users\marie\Pictures\phoneBook screenshots\add with error.PNG = ..\..\Users\marie\Pictures\phoneBook screenshots\add with error.PNG
		..\..\Users\marie\Pictures\phoneBook screenshots\add with success.png = ..\..\Users\marie\Pictures\phoneBook screenshots\add with success.png
		..\..\Users\marie\Pictures\phoneBook screenshots\phonebook.PNG = ..\..\Users\marie\Pictures\phoneBook screenshots\phonebook.PNG
		..\..\Users\marie\Pictures\phoneBook screenshots\search.PNG = ..\..\Users\marie\Pictures\phoneBook screenshots\search.PNG
	EndProjectSection
EndProject
Global
	GlobalSection(SolutionConfigurationPlatforms) = preSolution
		Debug|Any CPU = Debug|Any CPU
		Release|Any CPU = Release|Any CPU
	EndGlobalSection
	GlobalSection(ProjectConfigurationPlatforms) = postSolution
		{CCB995C7-B7CF-409D-84C9-EFEE91879D91}.Debug|Any CPU.ActiveCfg = Debug|Any CPU
		{CCB995C7-B7CF-409D-84C9-EFEE91879D91}.Debug|Any CPU.Build.0 = Debug|Any CPU
		{CCB995C7-B7CF-409D-84C9-EFEE91879D91}.Release|Any CPU.ActiveCfg = Release|Any CPU
		{CCB995C7-B7CF-409D-84C9-EFEE91879D91}.Release|Any CPU.Build.0 = Release|Any CPU
		{A748948E-ABBB-40F4-9180-D79DF6C56089}.Debug|Any CPU.ActiveCfg = Debug|Any CPU
		{A748948E-ABBB-40F4-9180-D79DF6C56089}.Debug|Any CPU.Build.0 = Debug|Any CPU
		{A748948E-ABBB-40F4-9180-D79DF6C56089}.Release|Any CPU.ActiveCfg = Release|Any CPU
		{A748948E-ABBB-40F4-9180-D79DF6C56089}.Release|Any CPU.Build.0 = Release|Any CPU
	EndGlobalSection
	GlobalSection(SolutionProperties) = preSolution
		HideSolutionNode = FALSE
	EndGlobalSection
	GlobalSection(ExtensibilityGlobals) = postSolution
		SolutionGuid = {CB0A02AA-7FB1-4A52-BA9D-E650137B12CA}
	EndGlobalSection
EndGlobal
